// !$*UTF8*$!
{
	archiveVersion = 1;
	classes = {
	};
	objectVersion = 50;
	objects = {

/* Begin PBXBuildFile section */
		AB1C39F527600D6E007CAF9D /* AppDelegate.swift in Sources */ = {isa = PBXBuildFile; fileRef = AB1C39F427600D6E007CAF9D /* AppDelegate.swift */; };
		AB1C39F727600D6E007CAF9D /* SceneDelegate.swift in Sources */ = {isa = PBXBuildFile; fileRef = AB1C39F627600D6E007CAF9D /* SceneDelegate.swift */; };
		AB1C39F927600D6E007CAF9D /* ViewController.swift in Sources */ = {isa = PBXBuildFile; fileRef = AB1C39F827600D6E007CAF9D /* ViewController.swift */; };
		AB1C39FC27600D6E007CAF9D /* Main.storyboard in Resources */ = {isa = PBXBuildFile; fileRef = AB1C39FA27600D6E007CAF9D /* Main.storyboard */; };
		AB1C39FE27600D6F007CAF9D /* Assets.xcassets in Resources */ = {isa = PBXBuildFile; fileRef = AB1C39FD27600D6F007CAF9D /* Assets.xcassets */; };
		AB1C3A0127600D6F007CAF9D /* LaunchScreen.storyboard in Resources */ = {isa = PBXBuildFile; fileRef = AB1C39FF27600D6F007CAF9D /* LaunchScreen.storyboard */; };
		AB1C3A0927602FCE007CAF9D /* UserModel.swift in Sources */ = {isa = PBXBuildFile; fileRef = AB1C3A0827602FCE007CAF9D /* UserModel.swift */; };
		AB1C3A1027603842007CAF9D /* FollowersListViewController.swift in Sources */ = {isa = PBXBuildFile; fileRef = AB1C3A0E27603842007CAF9D /* FollowersListViewController.swift */; };
		AB1C3A1127603842007CAF9D /* FollowersListViewController.xib in Resources */ = {isa = PBXBuildFile; fileRef = AB1C3A0F27603842007CAF9D /* FollowersListViewController.xib */; };
		AB1C3A1427603BFD007CAF9D /* FollowersListCollectionViewCell.swift in Sources */ = {isa = PBXBuildFile; fileRef = AB1C3A1227603BFD007CAF9D /* FollowersListCollectionViewCell.swift */; };
		AB1C3A1527603BFD007CAF9D /* FollowersListCollectionViewCell.xib in Resources */ = {isa = PBXBuildFile; fileRef = AB1C3A1327603BFD007CAF9D /* FollowersListCollectionViewCell.xib */; };
		AB1C3A3927646366007CAF9D /* CustomNotification.swift in Sources */ = {isa = PBXBuildFile; fileRef = AB1C3A3827646366007CAF9D /* CustomNotification.swift */; };
		AB1C3A3B27668E17007CAF9D /* ArrayExtensions.swift in Sources */ = {isa = PBXBuildFile; fileRef = AB1C3A3A27668E17007CAF9D /* ArrayExtensions.swift */; };
/* End PBXBuildFile section */

/* Begin PBXFileReference section */
		AB1C39F127600D6E007CAF9D /* GithubFollowers.app */ = {isa = PBXFileReference; explicitFileType = wrapper.application; includeInIndex = 0; path = GithubFollowers.app; sourceTree = BUILT_PRODUCTS_DIR; };
		AB1C39F427600D6E007CAF9D /* AppDelegate.swift */ = {isa = PBXFileReference; lastKnownFileType = sourcecode.swift; path = AppDelegate.swift; sourceTree = "<group>"; };
		AB1C39F627600D6E007CAF9D /* SceneDelegate.swift */ = {isa = PBXFileReference; lastKnownFileType = sourcecode.swift; path = SceneDelegate.swift; sourceTree = "<group>"; };
		AB1C39F827600D6E007CAF9D /* ViewController.swift */ = {isa = PBXFileReference; lastKnownFileType = sourcecode.swift; path = ViewController.swift; sourceTree = "<group>"; };
		AB1C39FB27600D6E007CAF9D /* Base */ = {isa = PBXFileReference; lastKnownFileType = file.storyboard; name = Base; path = Base.lproj/Main.storyboard; sourceTree = "<group>"; };
		AB1C39FD27600D6F007CAF9D /* Assets.xcassets */ = {isa = PBXFileReference; lastKnownFileType = folder.assetcatalog; path = Assets.xcassets; sourceTree = "<group>"; };
		AB1C3A0027600D6F007CAF9D /* Base */ = {isa = PBXFileReference; lastKnownFileType = file.storyboard; name = Base; path = Base.lproj/LaunchScreen.storyboard; sourceTree = "<group>"; };
		AB1C3A0227600D6F007CAF9D /* Info.plist */ = {isa = PBXFileReference; lastKnownFileType = text.plist.xml; path = Info.plist; sourceTree = "<group>"; };
		AB1C3A0827602FCE007CAF9D /* UserModel.swift */ = {isa = PBXFileReference; lastKnownFileType = sourcecode.swift; path = UserModel.swift; sourceTree = "<group>"; };
		AB1C3A0E27603842007CAF9D /* FollowersListViewController.swift */ = {isa = PBXFileReference; lastKnownFileType = sourcecode.swift; path = FollowersListViewController.swift; sourceTree = "<group>"; };
		AB1C3A0F27603842007CAF9D /* FollowersListViewController.xib */ = {isa = PBXFileReference; lastKnownFileType = file.xib; path = FollowersListViewController.xib; sourceTree = "<group>"; };
		AB1C3A1227603BFD007CAF9D /* FollowersListCollectionViewCell.swift */ = {isa = PBXFileReference; lastKnownFileType = sourcecode.swift; path = FollowersListCollectionViewCell.swift; sourceTree = "<group>"; };
		AB1C3A1327603BFD007CAF9D /* FollowersListCollectionViewCell.xib */ = {isa = PBXFileReference; lastKnownFileType = file.xib; path = FollowersListCollectionViewCell.xib; sourceTree = "<group>"; };
		AB1C3A3827646366007CAF9D /* CustomNotification.swift */ = {isa = PBXFileReference; lastKnownFileType = sourcecode.swift; path = CustomNotification.swift; sourceTree = "<group>"; };
		AB1C3A3A27668E17007CAF9D /* ArrayExtensions.swift */ = {isa = PBXFileReference; lastKnownFileType = sourcecode.swift; path = ArrayExtensions.swift; sourceTree = "<group>"; };
/* End PBXFileReference section */

/* Begin PBXFrameworksBuildPhase section */
		AB1C39EE27600D6E007CAF9D /* Frameworks */ = {
			isa = PBXFrameworksBuildPhase;
			buildActionMask = 2147483647;
			files = (
			);
			runOnlyForDeploymentPostprocessing = 0;
		};
/* End PBXFrameworksBuildPhase section */

/* Begin PBXGroup section */
		AB1C39E827600D6E007CAF9D = {
			isa = PBXGroup;
			children = (
				AB1C39F327600D6E007CAF9D /* GithubFollowers */,
				AB1C39F227600D6E007CAF9D /* Products */,
			);
			sourceTree = "<group>";
		};
		AB1C39F227600D6E007CAF9D /* Products */ = {
			isa = PBXGroup;
			children = (
				AB1C39F127600D6E007CAF9D /* GithubFollowers.app */,
			);
			name = Products;
			sourceTree = "<group>";
		};
		AB1C39F327600D6E007CAF9D /* GithubFollowers */ = {
			isa = PBXGroup;
			children = (
				AB1C39F427600D6E007CAF9D /* AppDelegate.swift */,
				AB1C39F627600D6E007CAF9D /* SceneDelegate.swift */,
				AB1C39F827600D6E007CAF9D /* ViewController.swift */,
				AB1C39FA27600D6E007CAF9D /* Main.storyboard */,
				AB1C39FD27600D6F007CAF9D /* Assets.xcassets */,
				AB1C39FF27600D6F007CAF9D /* LaunchScreen.storyboard */,
				AB1C3A0227600D6F007CAF9D /* Info.plist */,
				AB1C3A0827602FCE007CAF9D /* UserModel.swift */,
				AB1C3A0E27603842007CAF9D /* FollowersListViewController.swift */,
				AB1C3A0F27603842007CAF9D /* FollowersListViewController.xib */,
				AB1C3A1227603BFD007CAF9D /* FollowersListCollectionViewCell.swift */,
				AB1C3A1327603BFD007CAF9D /* FollowersListCollectionViewCell.xib */,
				AB1C3A3827646366007CAF9D /* CustomNotification.swift */,
				AB1C3A3A27668E17007CAF9D /* ArrayExtensions.swift */,
			);
			path = GithubFollowers;
			sourceTree = "<group>";
		};
/* End PBXGroup section */

/* Begin PBXNativeTarget section */
		AB1C39F027600D6E007CAF9D /* GithubFollowers */ = {
			isa = PBXNativeTarget;
			buildConfigurationList = AB1C3A0527600D6F007CAF9D /* Build configuration list for PBXNativeTarget "GithubFollowers" */;
			buildPhases = (
				AB1C39ED27600D6E007CAF9D /* Sources */,
				AB1C39EE27600D6E007CAF9D /* Frameworks */,
				AB1C39EF27600D6E007CAF9D /* Resources */,
			);
			buildRules = (
			);
			dependencies = (
			);
			name = GithubFollowers;
			productName = GithubFollowers;
			productReference = AB1C39F127600D6E007CAF9D /* GithubFollowers.app */;
			productType = "com.apple.product-type.application";
		};
/* End PBXNativeTarget section */

/* Begin PBXProject section */
		AB1C39E927600D6E007CAF9D /* Project object */ = {
			isa = PBXProject;
			attributes = {
				LastSwiftUpdateCheck = 1250;
				LastUpgradeCheck = 1250;
				TargetAttributes = {
					AB1C39F027600D6E007CAF9D = {
						CreatedOnToolsVersion = 12.5.1;
					};
				};
			};
			buildConfigurationList = AB1C39EC27600D6E007CAF9D /* Build configuration list for PBXProject "GithubFollowers" */;
			compatibilityVersion = "Xcode 9.3";
			developmentRegion = en;
			hasScannedForEncodings = 0;
			knownRegions = (
				en,
				Base,
			);
			mainGroup = AB1C39E827600D6E007CAF9D;
			productRefGroup = AB1C39F227600D6E007CAF9D /* Products */;
			projectDirPath = "";
			projectRoot = "";
			targets = (
				AB1C39F027600D6E007CAF9D /* GithubFollowers */,
			);
		};
/* End PBXProject section */

/* Begin PBXResourcesBuildPhase section */
		AB1C39EF27600D6E007CAF9D /* Resources */ = {
			isa = PBXResourcesBuildPhase;
			buildActionMask = 2147483647;
			files = (
				AB1C3A1127603842007CAF9D /* FollowersListViewController.xib in Resources */,
				AB1C3A0127600D6F007CAF9D /* LaunchScreen.storyboard in Resources */,
				AB1C3A1527603BFD007CAF9D /* FollowersListCollectionViewCell.xib in Resources */,
				AB1C39FE27600D6F007CAF9D /* Assets.xcassets in Resources */,
				AB1C39FC27600D6E007CAF9D /* Main.storyboard in Resources */,
			);
			runOnlyForDeploymentPostprocessing = 0;
		};
/* End PBXResourcesBuildPhase section */

/* Begin PBXSourcesBuildPhase section */
		AB1C39ED27600D6E007CAF9D /* Sources */ = {
			isa = PBXSourcesBuildPhase;
			buildActionMask = 2147483647;
			files = (
				AB1C3A3927646366007CAF9D /* CustomNotification.swift in Sources */,
				AB1C3A1427603BFD007CAF9D /* FollowersListCollectionViewCell.swift in Sources */,
				AB1C39F927600D6E007CAF9D /* ViewController.swift in Sources */,
				AB1C39F527600D6E007CAF9D /* AppDelegate.swift in Sources */,
				AB1C3A0927602FCE007CAF9D /* UserModel.swift in Sources */,
				AB1C39F727600D6E007CAF9D /* SceneDelegate.swift in Sources */,
				AB1C3A1027603842007CAF9D /* FollowersListViewController.swift in Sources */,
				AB1C3A3B27668E17007CAF9D /* ArrayExtensions.swift in Sources */,
			);
			runOnlyForDeploymentPostprocessing = 0;
		};
/* End PBXSourcesBuildPhase section */

/* Begin PBXVariantGroup section */
		AB1C39FA27600D6E007CAF9D /* Main.storyboard */ = {
			isa = PBXVariantGroup;
			children = (
				AB1C39FB27600D6E007CAF9D /* Base */,
			);
			name = Main.storyboard;
			sourceTree = "<group>";
		};
		AB1C39FF27600D6F007CAF9D /* LaunchScreen.storyboard */ = {
			isa = PBXVariantGroup;
			children = (
				AB1C3A0027600D6F007CAF9D /* Base */,
			);
			name = LaunchScreen.storyboard;
			sourceTree = "<group>";
		};
/* End PBXVariantGroup section */

/* Begin XCBuildConfiguration section */
		AB1C3A0327600D6F007CAF9D /* Debug */ = {
			isa = XCBuildConfiguration;
			buildSettings = {
				ALWAYS_SEARCH_USER_PATHS = NO;
				CLANG_ANALYZER_NONNULL = YES;
				CLANG_ANALYZER_NUMBER_OBJECT_CONVERSION = YES_AGGRESSIVE;
				CLANG_CXX_LANGUAGE_STANDARD = "gnu++14";
				CLANG_CXX_LIBRARY = "libc++";
				CLANG_ENABLE_MODULES = YES;
				CLANG_ENABLE_OBJC_ARC = YES;
				CLANG_ENABLE_OBJC_WEAK = YES;
				CLANG_WARN_BLOCK_CAPTURE_AUTORELEASING = YES;
				CLANG_WARN_BOOL_CONVERSION = YES;
				CLANG_WARN_COMMA = YES;
				CLANG_WARN_CONSTANT_CONVERSION = YES;
				CLANG_WARN_DEPRECATED_OBJC_IMPLEMENTATIONS = YES;
				CLANG_WARN_DIRECT_OBJC_ISA_USAGE = YES_ERROR;
				CLANG_WARN_DOCUMENTATION_COMMENTS = YES;
				CLANG_WARN_EMPTY_BODY = YES;
				CLANG_WARN_ENUM_CONVERSION = YES;
				CLANG_WARN_INFINITE_RECURSION = YES;
				CLANG_WARN_INT_CONVERSION = YES;
				CLANG_WARN_NON_LITERAL_NULL_CONVERSION = YES;
				CLANG_WARN_OBJC_IMPLICIT_RETAIN_SELF = YES;
				CLANG_WARN_OBJC_LITERAL_CONVERSION = YES;
				CLANG_WARN_OBJC_ROOT_CLASS = YES_ERROR;
				CLANG_WARN_QUOTED_INCLUDE_IN_FRAMEWORK_HEADER = YES;
				CLANG_WARN_RANGE_LOOP_ANALYSIS = YES;
				CLANG_WARN_STRICT_PROTOTYPES = YES;
				CLANG_WARN_SUSPICIOUS_MOVE = YES;
				CLANG_WARN_UNGUARDED_AVAILABILITY = YES_AGGRESSIVE;
				CLANG_WARN_UNREACHABLE_CODE = YES;
				CLANG_WARN__DUPLICATE_METHOD_MATCH = YES;
				COPY_PHASE_STRIP = NO;
				DEBUG_INFORMATION_FORMAT = dwarf;
				ENABLE_STRICT_OBJC_MSGSEND = YES;
				ENABLE_TESTABILITY = YES;
				GCC_C_LANGUAGE_STANDARD = gnu11;
				GCC_DYNAMIC_NO_PIC = NO;
				GCC_NO_COMMON_BLOCKS = YES;
				GCC_OPTIMIZATION_LEVEL = 0;
				GCC_PREPROCESSOR_DEFINITIONS = (
					"DEBUG=1",
					"$(inherited)",
				);
				GCC_WARN_64_TO_32_BIT_CONVERSION = YES;
				GCC_WARN_ABOUT_RETURN_TYPE = YES_ERROR;
				GCC_WARN_UNDECLARED_SELECTOR = YES;
				GCC_WARN_UNINITIALIZED_AUTOS = YES_AGGRESSIVE;
				GCC_WARN_UNUSED_FUNCTION = YES;
				GCC_WARN_UNUSED_VARIABLE = YES;
				IPHONEOS_DEPLOYMENT_TARGET = 14.5;
				MTL_ENABLE_DEBUG_INFO = INCLUDE_SOURCE;
				MTL_FAST_MATH = YES;
				ONLY_ACTIVE_ARCH = YES;
				SDKROOT = iphoneos;
				SWIFT_ACTIVE_COMPILATION_CONDITIONS = DEBUG;
				SWIFT_OPTIMIZATION_LEVEL = "-Onone";
			};
			name = Debug;
		};
		AB1C3A0427600D6F007CAF9D /* Release */ = {
			isa = XCBuildConfiguration;
			buildSettings = {
				ALWAYS_SEARCH_USER_PATHS = NO;
				CLANG_ANALYZER_NONNULL = YES;
				CLANG_ANALYZER_NUMBER_OBJECT_CONVERSION = YES_AGGRESSIVE;
				CLANG_CXX_LANGUAGE_STANDARD = "gnu++14";
				CLANG_CXX_LIBRARY = "libc++";
				CLANG_ENABLE_MODULES = YES;
				CLANG_ENABLE_OBJC_ARC = YES;
				CLANG_ENABLE_OBJC_WEAK = YES;
				CLANG_WARN_BLOCK_CAPTURE_AUTORELEASING = YES;
				CLANG_WARN_BOOL_CONVERSION = YES;
				CLANG_WARN_COMMA = YES;
				CLANG_WARN_CONSTANT_CONVERSION = YES;
				CLANG_WARN_DEPRECATED_OBJC_IMPLEMENTATIONS = YES;
				CLANG_WARN_DIRECT_OBJC_ISA_USAGE = YES_ERROR;
				CLANG_WARN_DOCUMENTATION_COMMENTS = YES;
				CLANG_WARN_EMPTY_BODY = YES;
				CLANG_WARN_ENUM_CONVERSION = YES;
				CLANG_WARN_INFINITE_RECURSION = YES;
				CLANG_WARN_INT_CONVERSION = YES;
				CLANG_WARN_NON_LITERAL_NULL_CONVERSION = YES;
				CLANG_WARN_OBJC_IMPLICIT_RETAIN_SELF = YES;
				CLANG_WARN_OBJC_LITERAL_CONVERSION = YES;
				CLANG_WARN_OBJC_ROOT_CLASS = YES_ERROR;
				CLANG_WARN_QUOTED_INCLUDE_IN_FRAMEWORK_HEADER = YES;
				CLANG_WARN_RANGE_LOOP_ANALYSIS = YES;
				CLANG_WARN_STRICT_PROTOTYPES = YES;
				CLANG_WARN_SUSPICIOUS_MOVE = YES;
				CLANG_WARN_UNGUARDED_AVAILABILITY = YES_AGGRESSIVE;
				CLANG_WARN_UNREACHABLE_CODE = YES;
				CLANG_WARN__DUPLICATE_METHOD_MATCH = YES;
				COPY_PHASE_STRIP = NO;
				DEBUG_INFORMATION_FORMAT = "dwarf-with-dsym";
				ENABLE_NS_ASSERTIONS = NO;
				ENABLE_STRICT_OBJC_MSGSEND = YES;
				GCC_C_LANGUAGE_STANDARD = gnu11;
				GCC_NO_COMMON_BLOCKS = YES;
				GCC_WARN_64_TO_32_BIT_CONVERSION = YES;
				GCC_WARN_ABOUT_RETURN_TYPE = YES_ERROR;
				GCC_WARN_UNDECLARED_SELECTOR = YES;
				GCC_WARN_UNINITIALIZED_AUTOS = YES_AGGRESSIVE;
				GCC_WARN_UNUSED_FUNCTION = YES;
				GCC_WARN_UNUSED_VARIABLE = YES;
				IPHONEOS_DEPLOYMENT_TARGET = 14.5;
				MTL_ENABLE_DEBUG_INFO = NO;
				MTL_FAST_MATH = YES;
				SDKROOT = iphoneos;
				SWIFT_COMPILATION_MODE = wholemodule;
				SWIFT_OPTIMIZATION_LEVEL = "-O";
				VALIDATE_PRODUCT = YES;
			};
			name = Release;
		};
		AB1C3A0627600D6F007CAF9D /* Debug */ = {
			isa = XCBuildConfiguration;
			buildSettings = {
				ASSETCATALOG_COMPILER_APPICON_NAME = AppIcon;
				ASSETCATALOG_COMPILER_GLOBAL_ACCENT_COLOR_NAME = AccentColor;
				CODE_SIGN_STYLE = Automatic;
				INFOPLIST_FILE = GithubFollowers/Info.plist;
				LD_RUNPATH_SEARCH_PATHS = (
					"$(inherited)",
					"@executable_path/Frameworks",
				);
				PRODUCT_BUNDLE_IDENTIFIER = shellygupta.com.GithubFollowers;
				PRODUCT_NAME = "$(TARGET_NAME)";
				SWIFT_VERSION = 5.0;
				TARGETED_DEVICE_FAMILY = "1,2";
			};
			name = Debug;
		};
		AB1C3A0727600D6F007CAF9D /* Release */ = {
			isa = XCBuildConfiguration;
			buildSettings = {
				ASSETCATALOG_COMPILER_APPICON_NAME = AppIcon;
				ASSETCATALOG_COMPILER_GLOBAL_ACCENT_COLOR_NAME = AccentColor;
				CODE_SIGN_STYLE = Automatic;
				INFOPLIST_FILE = GithubFollowers/Info.plist;
				LD_RUNPATH_SEARCH_PATHS = (
					"$(inherited)",
					"@executable_path/Frameworks",
				);
				PRODUCT_BUNDLE_IDENTIFIER = shellygupta.com.GithubFollowers;
				PRODUCT_NAME = "$(TARGET_NAME)";
				SWIFT_VERSION = 5.0;
				TARGETED_DEVICE_FAMILY = "1,2";
			};
			name = Release;
		};
/* End XCBuildConfiguration section */

/* Begin XCConfigurationList section */
		AB1C39EC27600D6E007CAF9D /* Build configuration list for PBXProject "GithubFollowers" */ = {
			isa = XCConfigurationList;
			buildConfigurations = (
				AB1C3A0327600D6F007CAF9D /* Debug */,
				AB1C3A0427600D6F007CAF9D /* Release */,
			);
			defaultConfigurationIsVisible = 0;
			defaultConfigurationName = Release;
		};
		AB1C3A0527600D6F007CAF9D /* Build configuration list for PBXNativeTarget "GithubFollowers" */ = {
			isa = XCConfigurationList;
			buildConfigurations = (
				AB1C3A0627600D6F007CAF9D /* Debug */,
				AB1C3A0727600D6F007CAF9D /* Release */,
			);
			defaultConfigurationIsVisible = 0;
			defaultConfigurationName = Release;
		};
/* End XCConfigurationList section */
	};
	rootObject = AB1C39E927600D6E007CAF9D /* Project object */;
}
